{
  "requires": true,
  "lockfileVersion": 1,
  "dependencies": {
    "photoswipe": {
      "version": "5.3.3",
      "resolved": "https://registry.npmjs.org/photoswipe/-/photoswipe-5.3.3.tgz",
      "integrity": "sha512-BUuulwZwkYFKADSe5xf0dd+wf6dws34ZvqP8R3oYHepRauOXoQHvw600sw1HlWd8K0S3LRCS4jxyR5fTuI383Q=="
    }
  }
}
